
Microsoft Visual Studio Solution File, Format Version 12.00
# Visual Studio Version 16
VisualStudioVersion = 16.0.29209.62
MinimumVisualStudioVersion = 10.0.40219.1
Project("{FAE04EC0-301F-11D3-BF4B-00C04F79EFBC}") = "WebAppNMatt", "WebAppNMatt\WebAppNMatt.csproj", "{508478A8-31A6-4CDA-8E9E-970519020795}"
EndProject
Project("{FAE04EC0-301F-11D3-BF4B-00C04F79EFBC}") = "FSISSystem.NMatt", "FSISSystem.NMatt\FSISSystem.NMatt.csproj", "{C8101493-E55B-4230-84BE-58533F5E0F4B}"
EndProject
Global
	GlobalSection(SolutionConfigurationPlatforms) = preSolution
		Debug|Any CPU = Debug|Any CPU
		Release|Any CPU = Release|Any CPU
	EndGlobalSection
	GlobalSection(ProjectConfigurationPlatforms) = postSolution
		{508478A8-31A6-4CDA-8E9E-970519020795}.Debug|Any CPU.ActiveCfg = Debug|Any CPU
		{508478A8-31A6-4CDA-8E9E-970519020795}.Debug|Any CPU.Build.0 = Debug|Any CPU
		{508478A8-31A6-4CDA-8E9E-970519020795}.Release|Any CPU.ActiveCfg = Release|Any CPU
		{508478A8-31A6-4CDA-8E9E-970519020795}.Release|Any CPU.Build.0 = Release|Any CPU
		{C8101493-E55B-4230-84BE-58533F5E0F4B}.Debug|Any CPU.ActiveCfg = Debug|Any CPU
		{C8101493-E55B-4230-84BE-58533F5E0F4B}.Debug|Any CPU.Build.0 = Debug|Any CPU
		{C8101493-E55B-4230-84BE-58533F5E0F4B}.Release|Any CPU.ActiveCfg = Release|Any CPU
		{C8101493-E55B-4230-84BE-58533F5E0F4B}.Release|Any CPU.Build.0 = Release|Any CPU
	EndGlobalSection
	GlobalSection(SolutionProperties) = preSolution
		HideSolutionNode = FALSE
	EndGlobalSection
	GlobalSection(ExtensibilityGlobals) = postSolution
		SolutionGuid = {D1F0D230-8D37-4F4F-83D6-E00ADE2E23C5}
	EndGlobalSection
EndGlobal
